<Solution>
  <Project Path="FsAssay.Analyzers/FsAssay.Analyzers.fsproj" />
  <Project Path="FsAssay.Runner/FsAssay.Runner.fsproj" />
  <Project Path="FsAssay.Tests/FsAssay.Tests.fsproj" />
  <Project Path="FsAssay.Desktop/FsAssay.Desktop.fsproj" />
  <Project Path="FsAssay.Scanner/FsAssay.Scanner.fsproj" />
</Solution>
